// !$*UTF8*$!
{
	archiveVersion = 1;
	classes = {
	};
	objectVersion = 50;
	objects = {

/* Begin PBXBuildFile section */
		7C1BC585218BF83700171F07 /* AppDelegate.swift in Sources */ = {isa = PBXBuildFile; fileRef = 7C1BC584218BF83700171F07 /* AppDelegate.swift */; };
		7C1BC587218BF83700171F07 /* ViewController.swift in Sources */ = {isa = PBXBuildFile; fileRef = 7C1BC586218BF83700171F07 /* ViewController.swift */; };
		7C1BC58A218BF83700171F07 /* Main.storyboard in Resources */ = {isa = PBXBuildFile; fileRef = 7C1BC588218BF83700171F07 /* Main.storyboard */; };
		7C1BC58C218BF83800171F07 /* Assets.xcassets in Resources */ = {isa = PBXBuildFile; fileRef = 7C1BC58B218BF83800171F07 /* Assets.xcassets */; };
		7C1BC58F218BF83800171F07 /* LaunchScreen.storyboard in Resources */ = {isa = PBXBuildFile; fileRef = 7C1BC58D218BF83800171F07 /* LaunchScreen.storyboard */; };
		7C1BC59A218BF83900171F07 /* Appstore_Clone_ChallengeTests.swift in Sources */ = {isa = PBXBuildFile; fileRef = 7C1BC599218BF83900171F07 /* Appstore_Clone_ChallengeTests.swift */; };
		7C1BC5A5218BF83900171F07 /* Appstore_Clone_ChallengeUITests.swift in Sources */ = {isa = PBXBuildFile; fileRef = 7C1BC5A4218BF83900171F07 /* Appstore_Clone_ChallengeUITests.swift */; };
/* End PBXBuildFile section */

/* Begin PBXContainerItemProxy section */
		7C1BC596218BF83900171F07 /* PBXContainerItemProxy */ = {
			isa = PBXContainerItemProxy;
			containerPortal = 7C1BC579218BF83700171F07 /* Project object */;
			proxyType = 1;
			remoteGlobalIDString = 7C1BC580218BF83700171F07;
			remoteInfo = "Appstore Clone Challenge";
		};
		7C1BC5A1218BF83900171F07 /* PBXContainerItemProxy */ = {
			isa = PBXContainerItemProxy;
			containerPortal = 7C1BC579218BF83700171F07 /* Project object */;
			proxyType = 1;
			remoteGlobalIDString = 7C1BC580218BF83700171F07;
			remoteInfo = "Appstore Clone Challenge";
		};
/* End PBXContainerItemProxy section */

/* Begin PBXFileReference section */
		7C1BC581218BF83700171F07 /* Appstore Clone Challenge.app */ = {isa = PBXFileReference; explicitFileType = wrapper.application; includeInIndex = 0; path = "Appstore Clone Challenge.app"; sourceTree = BUILT_PRODUCTS_DIR; };
		7C1BC584218BF83700171F07 /* AppDelegate.swift */ = {isa = PBXFileReference; lastKnownFileType = sourcecode.swift; path = AppDelegate.swift; sourceTree = "<group>"; };
		7C1BC586218BF83700171F07 /* ViewController.swift */ = {isa = PBXFileReference; lastKnownFileType = sourcecode.swift; path = ViewController.swift; sourceTree = "<group>"; };
		7C1BC589218BF83700171F07 /* Base */ = {isa = PBXFileReference; lastKnownFileType = file.storyboard; name = Base; path = Base.lproj/Main.storyboard; sourceTree = "<group>"; };
		7C1BC58B218BF83800171F07 /* Assets.xcassets */ = {isa = PBXFileReference; lastKnownFileType = folder.assetcatalog; path = Assets.xcassets; sourceTree = "<group>"; };
		7C1BC58E218BF83800171F07 /* Base */ = {isa = PBXFileReference; lastKnownFileType = file.storyboard; name = Base; path = Base.lproj/LaunchScreen.storyboard; sourceTree = "<group>"; };
		7C1BC590218BF83800171F07 /* Info.plist */ = {isa = PBXFileReference; lastKnownFileType = text.plist.xml; path = Info.plist; sourceTree = "<group>"; };
		7C1BC595218BF83900171F07 /* Appstore Clone ChallengeTests.xctest */ = {isa = PBXFileReference; explicitFileType = wrapper.cfbundle; includeInIndex = 0; path = "Appstore Clone ChallengeTests.xctest"; sourceTree = BUILT_PRODUCTS_DIR; };
		7C1BC599218BF83900171F07 /* Appstore_Clone_ChallengeTests.swift */ = {isa = PBXFileReference; lastKnownFileType = sourcecode.swift; path = Appstore_Clone_ChallengeTests.swift; sourceTree = "<group>"; };
		7C1BC59B218BF83900171F07 /* Info.plist */ = {isa = PBXFileReference; lastKnownFileType = text.plist.xml; path = Info.plist; sourceTree = "<group>"; };
		7C1BC5A0218BF83900171F07 /* Appstore Clone ChallengeUITests.xctest */ = {isa = PBXFileReference; explicitFileType = wrapper.cfbundle; includeInIndex = 0; path = "Appstore Clone ChallengeUITests.xctest"; sourceTree = BUILT_PRODUCTS_DIR; };
		7C1BC5A4218BF83900171F07 /* Appstore_Clone_ChallengeUITests.swift */ = {isa = PBXFileReference; lastKnownFileType = sourcecode.swift; path = Appstore_Clone_ChallengeUITests.swift; sourceTree = "<group>"; };
		7C1BC5A6218BF83900171F07 /* Info.plist */ = {isa = PBXFileReference; lastKnownFileType = text.plist.xml; path = Info.plist; sourceTree = "<group>"; };
/* End PBXFileReference section */

/* Begin PBXFrameworksBuildPhase section */
		7C1BC57E218BF83700171F07 /* Frameworks */ = {
			isa = PBXFrameworksBuildPhase;
			buildActionMask = 2147483647;
			files = (
			);
			runOnlyForDeploymentPostprocessing = 0;
		};
		7C1BC592218BF83900171F07 /* Frameworks */ = {
			isa = PBXFrameworksBuildPhase;
			buildActionMask = 2147483647;
			files = (
			);
			runOnlyForDeploymentPostprocessing = 0;
		};
		7C1BC59D218BF83900171F07 /* Frameworks */ = {
			isa = PBXFrameworksBuildPhase;
			buildActionMask = 2147483647;
			files = (
			);
			runOnlyForDeploymentPostprocessing = 0;
		};
/* End PBXFrameworksBuildPhase section */

/* Begin PBXGroup section */
		7C1BC578218BF83700171F07 = {
			isa = PBXGroup;
			children = (
				7C1BC583218BF83700171F07 /* Appstore Clone Challenge */,
				7C1BC598218BF83900171F07 /* Appstore Clone ChallengeTests */,
				7C1BC5A3218BF83900171F07 /* Appstore Clone ChallengeUITests */,
				7C1BC582218BF83700171F07 /* Products */,
			);
			sourceTree = "<group>";
		};
		7C1BC582218BF83700171F07 /* Products */ = {
			isa = PBXGroup;
			children = (
				7C1BC581218BF83700171F07 /* Appstore Clone Challenge.app */,
				7C1BC595218BF83900171F07 /* Appstore Clone ChallengeTests.xctest */,
				7C1BC5A0218BF83900171F07 /* Appstore Clone ChallengeUITests.xctest */,
			);
			name = Products;
			sourceTree = "<group>";
		};
		7C1BC583218BF83700171F07 /* Appstore Clone Challenge */ = {
			isa = PBXGroup;
			children = (
				7C1BC584218BF83700171F07 /* AppDelegate.swift */,
				7C1BC586218BF83700171F07 /* ViewController.swift */,
				7C1BC588218BF83700171F07 /* Main.storyboard */,
				7C1BC58B218BF83800171F07 /* Assets.xcassets */,
				7C1BC58D218BF83800171F07 /* LaunchScreen.storyboard */,
				7C1BC590218BF83800171F07 /* Info.plist */,
			);
			path = "Appstore Clone Challenge";
			sourceTree = "<group>";
		};
		7C1BC598218BF83900171F07 /* Appstore Clone ChallengeTests */ = {
			isa = PBXGroup;
			children = (
				7C1BC599218BF83900171F07 /* Appstore_Clone_ChallengeTests.swift */,
				7C1BC59B218BF83900171F07 /* Info.plist */,
			);
			path = "Appstore Clone ChallengeTests";
			sourceTree = "<group>";
		};
		7C1BC5A3218BF83900171F07 /* Appstore Clone ChallengeUITests */ = {
			isa = PBXGroup;
			children = (
				7C1BC5A4218BF83900171F07 /* Appstore_Clone_ChallengeUITests.swift */,
				7C1BC5A6218BF83900171F07 /* Info.plist */,
			);
			path = "Appstore Clone ChallengeUITests";
			sourceTree = "<group>";
		};
/* End PBXGroup section */

/* Begin PBXNativeTarget section */
		7C1BC580218BF83700171F07 /* Appstore Clone Challenge */ = {
			isa = PBXNativeTarget;
			buildConfigurationList = 7C1BC5A9218BF83900171F07 /* Build configuration list for PBXNativeTarget "Appstore Clone Challenge" */;
			buildPhases = (
				7C1BC57D218BF83700171F07 /* Sources */,
				7C1BC57E218BF83700171F07 /* Frameworks */,
				7C1BC57F218BF83700171F07 /* Resources */,
			);
			buildRules = (
			);
			dependencies = (
			);
			name = "Appstore Clone Challenge";
			productName = "Appstore Clone Challenge";
			productReference = 7C1BC581218BF83700171F07 /* Appstore Clone Challenge.app */;
			productType = "com.apple.product-type.application";
		};
		7C1BC594218BF83900171F07 /* Appstore Clone ChallengeTests */ = {
			isa = PBXNativeTarget;
			buildConfigurationList = 7C1BC5AC218BF83900171F07 /* Build configuration list for PBXNativeTarget "Appstore Clone ChallengeTests" */;
			buildPhases = (
				7C1BC591218BF83900171F07 /* Sources */,
				7C1BC592218BF83900171F07 /* Frameworks */,
				7C1BC593218BF83900171F07 /* Resources */,
			);
			buildRules = (
			);
			dependencies = (
				7C1BC597218BF83900171F07 /* PBXTargetDependency */,
			);
			name = "Appstore Clone ChallengeTests";
			productName = "Appstore Clone ChallengeTests";
			productReference = 7C1BC595218BF83900171F07 /* Appstore Clone ChallengeTests.xctest */;
			productType = "com.apple.product-type.bundle.unit-test";
		};
		7C1BC59F218BF83900171F07 /* Appstore Clone ChallengeUITests */ = {
			isa = PBXNativeTarget;
			buildConfigurationList = 7C1BC5AF218BF83900171F07 /* Build configuration list for PBXNativeTarget "Appstore Clone ChallengeUITests" */;
			buildPhases = (
				7C1BC59C218BF83900171F07 /* Sources */,
				7C1BC59D218BF83900171F07 /* Frameworks */,
				7C1BC59E218BF83900171F07 /* Resources */,
			);
			buildRules = (
			);
			dependencies = (
				7C1BC5A2218BF83900171F07 /* PBXTargetDependency */,
			);
			name = "Appstore Clone ChallengeUITests";
			productName = "Appstore Clone ChallengeUITests";
			productReference = 7C1BC5A0218BF83900171F07 /* Appstore Clone ChallengeUITests.xctest */;
			productType = "com.apple.product-type.bundle.ui-testing";
		};
/* End PBXNativeTarget section */

/* Begin PBXProject section */
		7C1BC579218BF83700171F07 /* Project object */ = {
			isa = PBXProject;
			attributes = {
				LastSwiftUpdateCheck = 1000;
				LastUpgradeCheck = 1000;
				ORGANIZATIONNAME = "alvin joseph valdez";
				TargetAttributes = {
					7C1BC580218BF83700171F07 = {
						CreatedOnToolsVersion = 10.0;
					};
					7C1BC594218BF83900171F07 = {
						CreatedOnToolsVersion = 10.0;
						TestTargetID = 7C1BC580218BF83700171F07;
					};
					7C1BC59F218BF83900171F07 = {
						CreatedOnToolsVersion = 10.0;
						TestTargetID = 7C1BC580218BF83700171F07;
					};
				};
			};
			buildConfigurationList = 7C1BC57C218BF83700171F07 /* Build configuration list for PBXProject "Appstore Clone Challenge" */;
			compatibilityVersion = "Xcode 9.3";
			developmentRegion = en;
			hasScannedForEncodings = 0;
			knownRegions = (
				en,
				Base,
			);
			mainGroup = 7C1BC578218BF83700171F07;
			productRefGroup = 7C1BC582218BF83700171F07 /* Products */;
			projectDirPath = "";
			projectRoot = "";
			targets = (
				7C1BC580218BF83700171F07 /* Appstore Clone Challenge */,
				7C1BC594218BF83900171F07 /* Appstore Clone ChallengeTests */,
				7C1BC59F218BF83900171F07 /* Appstore Clone ChallengeUITests */,
			);
		};
/* End PBXProject section */

/* Begin PBXResourcesBuildPhase section */
		7C1BC57F218BF83700171F07 /* Resources */ = {
			isa = PBXResourcesBuildPhase;
			buildActionMask = 2147483647;
			files = (
				7C1BC58F218BF83800171F07 /* LaunchScreen.storyboard in Resources */,
				7C1BC58C218BF83800171F07 /* Assets.xcassets in Resources */,
				7C1BC58A218BF83700171F07 /* Main.storyboard in Resources */,
			);
			runOnlyForDeploymentPostprocessing = 0;
		};
		7C1BC593218BF83900171F07 /* Resources */ = {
			isa = PBXResourcesBuildPhase;
			buildActionMask = 2147483647;
			files = (
			);
			runOnlyForDeploymentPostprocessing = 0;
		};
		7C1BC59E218BF83900171F07 /* Resources */ = {
			isa = PBXResourcesBuildPhase;
			buildActionMask = 2147483647;
			files = (
			);
			runOnlyForDeploymentPostprocessing = 0;
		};
/* End PBXResourcesBuildPhase section */

/* Begin PBXSourcesBuildPhase section */
		7C1BC57D218BF83700171F07 /* Sources */ = {
			isa = PBXSourcesBuildPhase;
			buildActionMask = 2147483647;
			files = (
				7C1BC587218BF83700171F07 /* ViewController.swift in Sources */,
				7C1BC585218BF83700171F07 /* AppDelegate.swift in Sources */,
			);
			runOnlyForDeploymentPostprocessing = 0;
		};
		7C1BC591218BF83900171F07 /* Sources */ = {
			isa = PBXSourcesBuildPhase;
			buildActionMask = 2147483647;
			files = (
				7C1BC59A218BF83900171F07 /* Appstore_Clone_ChallengeTests.swift in Sources */,
			);
			runOnlyForDeploymentPostprocessing = 0;
		};
		7C1BC59C218BF83900171F07 /* Sources */ = {
			isa = PBXSourcesBuildPhase;
			buildActionMask = 2147483647;
			files = (
				7C1BC5A5218BF83900171F07 /* Appstore_Clone_ChallengeUITests.swift in Sources */,
			);
			runOnlyForDeploymentPostprocessing = 0;
		};
/* End PBXSourcesBuildPhase section */

/* Begin PBXTargetDependency section */
		7C1BC597218BF83900171F07 /* PBXTargetDependency */ = {
			isa = PBXTargetDependency;
			target = 7C1BC580218BF83700171F07 /* Appstore Clone Challenge */;
			targetProxy = 7C1BC596218BF83900171F07 /* PBXContainerItemProxy */;
		};
		7C1BC5A2218BF83900171F07 /* PBXTargetDependency */ = {
			isa = PBXTargetDependency;
			target = 7C1BC580218BF83700171F07 /* Appstore Clone Challenge */;
			targetProxy = 7C1BC5A1218BF83900171F07 /* PBXContainerItemProxy */;
		};
/* End PBXTargetDependency section */

/* Begin PBXVariantGroup section */
		7C1BC588218BF83700171F07 /* Main.storyboard */ = {
			isa = PBXVariantGroup;
			children = (
				7C1BC589218BF83700171F07 /* Base */,
			);
			name = Main.storyboard;
			sourceTree = "<group>";
		};
		7C1BC58D218BF83800171F07 /* LaunchScreen.storyboard */ = {
			isa = PBXVariantGroup;
			children = (
				7C1BC58E218BF83800171F07 /* Base */,
			);
			name = LaunchScreen.storyboard;
			sourceTree = "<group>";
		};
/* End PBXVariantGroup section */

/* Begin XCBuildConfiguration section */
		7C1BC5A7218BF83900171F07 /* Debug */ = {
			isa = XCBuildConfiguration;
			buildSettings = {
				ALWAYS_SEARCH_USER_PATHS = NO;
				CLANG_ANALYZER_NONNULL = YES;
				CLANG_ANALYZER_NUMBER_OBJECT_CONVERSION = YES_AGGRESSIVE;
				CLANG_CXX_LANGUAGE_STANDARD = "gnu++14";
				CLANG_CXX_LIBRARY = "libc++";
				CLANG_ENABLE_MODULES = YES;
				CLANG_ENABLE_OBJC_ARC = YES;
				CLANG_ENABLE_OBJC_WEAK = YES;
				CLANG_WARN_BLOCK_CAPTURE_AUTORELEASING = YES;
				CLANG_WARN_BOOL_CONVERSION = YES;
				CLANG_WARN_COMMA = YES;
				CLANG_WARN_CONSTANT_CONVERSION = YES;
				CLANG_WARN_DEPRECATED_OBJC_IMPLEMENTATIONS = YES;
				CLANG_WARN_DIRECT_OBJC_ISA_USAGE = YES_ERROR;
				CLANG_WARN_DOCUMENTATION_COMMENTS = YES;
				CLANG_WARN_EMPTY_BODY = YES;
				CLANG_WARN_ENUM_CONVERSION = YES;
				CLANG_WARN_INFINITE_RECURSION = YES;
				CLANG_WARN_INT_CONVERSION = YES;
				CLANG_WARN_NON_LITERAL_NULL_CONVERSION = YES;
				CLANG_WARN_OBJC_IMPLICIT_RETAIN_SELF = YES;
				CLANG_WARN_OBJC_LITERAL_CONVERSION = YES;
				CLANG_WARN_OBJC_ROOT_CLASS = YES_ERROR;
				CLANG_WARN_RANGE_LOOP_ANALYSIS = YES;
				CLANG_WARN_STRICT_PROTOTYPES = YES;
				CLANG_WARN_SUSPICIOUS_MOVE = YES;
				CLANG_WARN_UNGUARDED_AVAILABILITY = YES_AGGRESSIVE;
				CLANG_WARN_UNREACHABLE_CODE = YES;
				CLANG_WARN__DUPLICATE_METHOD_MATCH = YES;
				CODE_SIGN_IDENTITY = "iPhone Developer";
				COPY_PHASE_STRIP = NO;
				DEBUG_INFORMATION_FORMAT = dwarf;
				ENABLE_STRICT_OBJC_MSGSEND = YES;
				ENABLE_TESTABILITY = YES;
				GCC_C_LANGUAGE_STANDARD = gnu11;
				GCC_DYNAMIC_NO_PIC = NO;
				GCC_NO_COMMON_BLOCKS = YES;
				GCC_OPTIMIZATION_LEVEL = 0;
				GCC_PREPROCESSOR_DEFINITIONS = (
					"DEBUG=1",
					"$(inherited)",
				);
				GCC_WARN_64_TO_32_BIT_CONVERSION = YES;
				GCC_WARN_ABOUT_RETURN_TYPE = YES_ERROR;
				GCC_WARN_UNDECLARED_SELECTOR = YES;
				GCC_WARN_UNINITIALIZED_AUTOS = YES_AGGRESSIVE;
				GCC_WARN_UNUSED_FUNCTION = YES;
				GCC_WARN_UNUSED_VARIABLE = YES;
				IPHONEOS_DEPLOYMENT_TARGET = 12.0;
				MTL_ENABLE_DEBUG_INFO = INCLUDE_SOURCE;
				MTL_FAST_MATH = YES;
				ONLY_ACTIVE_ARCH = YES;
				SDKROOT = iphoneos;
				SWIFT_ACTIVE_COMPILATION_CONDITIONS = DEBUG;
				SWIFT_OPTIMIZATION_LEVEL = "-Onone";
			};
			name = Debug;
		};
		7C1BC5A8218BF83900171F07 /* Release */ = {
			isa = XCBuildConfiguration;
			buildSettings = {
				ALWAYS_SEARCH_USER_PATHS = NO;
				CLANG_ANALYZER_NONNULL = YES;
				CLANG_ANALYZER_NUMBER_OBJECT_CONVERSION = YES_AGGRESSIVE;
				CLANG_CXX_LANGUAGE_STANDARD = "gnu++14";
				CLANG_CXX_LIBRARY = "libc++";
				CLANG_ENABLE_MODULES = YES;
				CLANG_ENABLE_OBJC_ARC = YES;
				CLANG_ENABLE_OBJC_WEAK = YES;
				CLANG_WARN_BLOCK_CAPTURE_AUTORELEASING = YES;
				CLANG_WARN_BOOL_CONVERSION = YES;
				CLANG_WARN_COMMA = YES;
				CLANG_WARN_CONSTANT_CONVERSION = YES;
				CLANG_WARN_DEPRECATED_OBJC_IMPLEMENTATIONS = YES;
				CLANG_WARN_DIRECT_OBJC_ISA_USAGE = YES_ERROR;
				CLANG_WARN_DOCUMENTATION_COMMENTS = YES;
				CLANG_WARN_EMPTY_BODY = YES;
				CLANG_WARN_ENUM_CONVERSION = YES;
				CLANG_WARN_INFINITE_RECURSION = YES;
				CLANG_WARN_INT_CONVERSION = YES;
				CLANG_WARN_NON_LITERAL_NULL_CONVERSION = YES;
				CLANG_WARN_OBJC_IMPLICIT_RETAIN_SELF = YES;
				CLANG_WARN_OBJC_LITERAL_CONVERSION = YES;
				CLANG_WARN_OBJC_ROOT_CLASS = YES_ERROR;
				CLANG_WARN_RANGE_LOOP_ANALYSIS = YES;
				CLANG_WARN_STRICT_PROTOTYPES = YES;
				CLANG_WARN_SUSPICIOUS_MOVE = YES;
				CLANG_WARN_UNGUARDED_AVAILABILITY = YES_AGGRESSIVE;
				CLANG_WARN_UNREACHABLE_CODE = YES;
				CLANG_WARN__DUPLICATE_METHOD_MATCH = YES;
				CODE_SIGN_IDENTITY = "iPhone Developer";
				COPY_PHASE_STRIP = NO;
				DEBUG_INFORMATION_FORMAT = "dwarf-with-dsym";
				ENABLE_NS_ASSERTIONS = NO;
				ENABLE_STRICT_OBJC_MSGSEND = YES;
				GCC_C_LANGUAGE_STANDARD = gnu11;
				GCC_NO_COMMON_BLOCKS = YES;
				GCC_WARN_64_TO_32_BIT_CONVERSION = YES;
				GCC_WARN_ABOUT_RETURN_TYPE = YES_ERROR;
				GCC_WARN_UNDECLARED_SELECTOR = YES;
				GCC_WARN_UNINITIALIZED_AUTOS = YES_AGGRESSIVE;
				GCC_WARN_UNUSED_FUNCTION = YES;
				GCC_WARN_UNUSED_VARIABLE = YES;
				IPHONEOS_DEPLOYMENT_TARGET = 12.0;
				MTL_ENABLE_DEBUG_INFO = NO;
				MTL_FAST_MATH = YES;
				SDKROOT = iphoneos;
				SWIFT_COMPILATION_MODE = wholemodule;
				SWIFT_OPTIMIZATION_LEVEL = "-O";
				VALIDATE_PRODUCT = YES;
			};
			name = Release;
		};
		7C1BC5AA218BF83900171F07 /* Debug */ = {
			isa = XCBuildConfiguration;
			buildSettings = {
				ASSETCATALOG_COMPILER_APPICON_NAME = AppIcon;
				CODE_SIGN_STYLE = Automatic;
				DEVELOPMENT_TEAM = 3S4MHP69HY;
				INFOPLIST_FILE = "Appstore Clone Challenge/Info.plist";
				LD_RUNPATH_SEARCH_PATHS = (
					"$(inherited)",
					"@executable_path/Frameworks",
				);
				PRODUCT_BUNDLE_IDENTIFIER = "com.hero.Appstore-Clone-Challenge";
				PRODUCT_NAME = "$(TARGET_NAME)";
				SWIFT_VERSION = 4.2;
				TARGETED_DEVICE_FAMILY = "1,2";
			};
			name = Debug;
		};
		7C1BC5AB218BF83900171F07 /* Release */ = {
			isa = XCBuildConfiguration;
			buildSettings = {
				ASSETCATALOG_COMPILER_APPICON_NAME = AppIcon;
				CODE_SIGN_STYLE = Automatic;
				DEVELOPMENT_TEAM = 3S4MHP69HY;
				INFOPLIST_FILE = "Appstore Clone Challenge/Info.plist";
				LD_RUNPATH_SEARCH_PATHS = (
					"$(inherited)",
					"@executable_path/Frameworks",
				);
				PRODUCT_BUNDLE_IDENTIFIER = "com.hero.Appstore-Clone-Challenge";
				PRODUCT_NAME = "$(TARGET_NAME)";
				SWIFT_VERSION = 4.2;
				TARGETED_DEVICE_FAMILY = "1,2";
			};
			name = Release;
		};
		7C1BC5AD218BF83900171F07 /* Debug */ = {
			isa = XCBuildConfiguration;
			buildSettings = {
				ALWAYS_EMBED_SWIFT_STANDARD_LIBRARIES = YES;
				BUNDLE_LOADER = "$(TEST_HOST)";
				CODE_SIGN_STYLE = Automatic;
				DEVELOPMENT_TEAM = 3S4MHP69HY;
				INFOPLIST_FILE = "Appstore Clone ChallengeTests/Info.plist";
				LD_RUNPATH_SEARCH_PATHS = (
					"$(inherited)",
					"@executable_path/Frameworks",
					"@loader_path/Frameworks",
				);
				PRODUCT_BUNDLE_IDENTIFIER = "com.hero.Appstore-Clone-ChallengeTests";
				PRODUCT_NAME = "$(TARGET_NAME)";
				SWIFT_VERSION = 4.2;
				TARGETED_DEVICE_FAMILY = "1,2";
				TEST_HOST = "$(BUILT_PRODUCTS_DIR)/Appstore Clone Challenge.app/Appstore Clone Challenge";
			};
			name = Debug;
		};
		7C1BC5AE218BF83900171F07 /* Release */ = {
			isa = XCBuildConfiguration;
			buildSettings = {
				ALWAYS_EMBED_SWIFT_STANDARD_LIBRARIES = YES;
				BUNDLE_LOADER = "$(TEST_HOST)";
				CODE_SIGN_STYLE = Automatic;
				DEVELOPMENT_TEAM = 3S4MHP69HY;
				INFOPLIST_FILE = "Appstore Clone ChallengeTests/Info.plist";
				LD_RUNPATH_SEARCH_PATHS = (
					"$(inherited)",
					"@executable_path/Frameworks",
					"@loader_path/Frameworks",
				);
				PRODUCT_BUNDLE_IDENTIFIER = "com.hero.Appstore-Clone-ChallengeTests";
				PRODUCT_NAME = "$(TARGET_NAME)";
				SWIFT_VERSION = 4.2;
				TARGETED_DEVICE_FAMILY = "1,2";
				TEST_HOST = "$(BUILT_PRODUCTS_DIR)/Appstore Clone Challenge.app/Appstore Clone Challenge";
			};
			name = Release;
		};
		7C1BC5B0218BF83900171F07 /* Debug */ = {
			isa = XCBuildConfiguration;
			buildSettings = {
				ALWAYS_EMBED_SWIFT_STANDARD_LIBRARIES = YES;
				CODE_SIGN_STYLE = Automatic;
				DEVELOPMENT_TEAM = 3S4MHP69HY;
				INFOPLIST_FILE = "Appstore Clone ChallengeUITests/Info.plist";
				LD_RUNPATH_SEARCH_PATHS = (
					"$(inherited)",
					"@executable_path/Frameworks",
					"@loader_path/Frameworks",
				);
				PRODUCT_BUNDLE_IDENTIFIER = "com.hero.Appstore-Clone-ChallengeUITests";
				PRODUCT_NAME = "$(TARGET_NAME)";
				SWIFT_VERSION = 4.2;
				TARGETED_DEVICE_FAMILY = "1,2";
				TEST_TARGET_NAME = "Appstore Clone Challenge";
			};
			name = Debug;
		};
		7C1BC5B1218BF83900171F07 /* Release */ = {
			isa = XCBuildConfiguration;
			buildSettings = {
				ALWAYS_EMBED_SWIFT_STANDARD_LIBRARIES = YES;
				CODE_SIGN_STYLE = Automatic;
				DEVELOPMENT_TEAM = 3S4MHP69HY;
				INFOPLIST_FILE = "Appstore Clone ChallengeUITests/Info.plist";
				LD_RUNPATH_SEARCH_PATHS = (
					"$(inherited)",
					"@executable_path/Frameworks",
					"@loader_path/Frameworks",
				);
				PRODUCT_BUNDLE_IDENTIFIER = "com.hero.Appstore-Clone-ChallengeUITests";
				PRODUCT_NAME = "$(TARGET_NAME)";
				SWIFT_VERSION = 4.2;
				TARGETED_DEVICE_FAMILY = "1,2";
				TEST_TARGET_NAME = "Appstore Clone Challenge";
			};
			name = Release;
		};
/* End XCBuildConfiguration section */

/* Begin XCConfigurationList section */
		7C1BC57C218BF83700171F07 /* Build configuration list for PBXProject "Appstore Clone Challenge" */ = {
			isa = XCConfigurationList;
			buildConfigurations = (
				7C1BC5A7218BF83900171F07 /* Debug */,
				7C1BC5A8218BF83900171F07 /* Release */,
			);
			defaultConfigurationIsVisible = 0;
			defaultConfigurationName = Release;
		};
		7C1BC5A9218BF83900171F07 /* Build configuration list for PBXNativeTarget "Appstore Clone Challenge" */ = {
			isa = XCConfigurationList;
			buildConfigurations = (
				7C1BC5AA218BF83900171F07 /* Debug */,
				7C1BC5AB218BF83900171F07 /* Release */,
			);
			defaultConfigurationIsVisible = 0;
			defaultConfigurationName = Release;
		};
		7C1BC5AC218BF83900171F07 /* Build configuration list for PBXNativeTarget "Appstore Clone ChallengeTests" */ = {
			isa = XCConfigurationList;
			buildConfigurations = (
				7C1BC5AD218BF83900171F07 /* Debug */,
				7C1BC5AE218BF83900171F07 /* Release */,
			);
			defaultConfigurationIsVisible = 0;
			defaultConfigurationName = Release;
		};
		7C1BC5AF218BF83900171F07 /* Build configuration list for PBXNativeTarget "Appstore Clone ChallengeUITests" */ = {
			isa = XCConfigurationList;
			buildConfigurations = (
				7C1BC5B0218BF83900171F07 /* Debug */,
				7C1BC5B1218BF83900171F07 /* Release */,
			);
			defaultConfigurationIsVisible = 0;
			defaultConfigurationName = Release;
		};
/* End XCConfigurationList section */
	};
	rootObject = 7C1BC579218BF83700171F07 /* Project object */;
}
